dependencies:
- name: redis-cluster
  repository: https://charts.bitnami.com/bitnami
  version: 13.0.4
- name: mysql
  repository: https://charts.bitnami.com/bitnami
  version: 14.0.3
digest: sha256:2eda53ea6ff59c4a03ac9a8cc97446d173a6df8b73a129e983444e1e1ba81654
generated: "2025-09-08T16:10:54.1519315+05:30"
